
Microsoft Visual Studio Solution File, Format Version 12.00
# Visual Studio Version 17
VisualStudioVersion = 17.13.35818.85 d17.13
MinimumVisualStudioVersion = 10.0.40219.1
Project("{FAE04EC0-301F-11D3-BF4B-00C04F79EFBC}") = "chalkbot-api", "chalkbot-api\chalkbot-api.csproj", "{2504A9CD-4D22-488E-B6B1-F61ED73803B9}"
EndProject
Global
	GlobalSection(SolutionConfigurationPlatforms) = preSolution
		Debug|Any CPU = Debug|Any CPU
		Release|Any CPU = Release|Any CPU
	EndGlobalSection
	GlobalSection(ProjectConfigurationPlatforms) = postSolution
		{2504A9CD-4D22-488E-B6B1-F61ED73803B9}.Debug|Any CPU.ActiveCfg = Debug|Any CPU
		{2504A9CD-4D22-488E-B6B1-F61ED73803B9}.Debug|Any CPU.Build.0 = Debug|Any CPU
		{2504A9CD-4D22-488E-B6B1-F61ED73803B9}.Release|Any CPU.ActiveCfg = Release|Any CPU
		{2504A9CD-4D22-488E-B6B1-F61ED73803B9}.Release|Any CPU.Build.0 = Release|Any CPU
	EndGlobalSection
	GlobalSection(SolutionProperties) = preSolution
		HideSolutionNode = FALSE
	EndGlobalSection
	GlobalSection(ExtensibilityGlobals) = postSolution
		SolutionGuid = {2B6B5145-E20A-41E9-BA07-A0B35D1E1B6B}
	EndGlobalSection
EndGlobal
